// !$*UTF8*$!
{
	archiveVersion = 1;
	classes = {
	};
	objectVersion = 56;
	objects = {

/* Begin PBXBuildFile section */
		A003038F2B1C82580010D08A /* EditFeedingView.swift in Sources */ = {isa = PBXBuildFile; fileRef = A003038E2B1C82580010D08A /* EditFeedingView.swift */; };
		A00303912B1C8C060010D08A /* CalendarView.swift in Sources */ = {isa = PBXBuildFile; fileRef = A00303902B1C8C060010D08A /* CalendarView.swift */; };
		A00303942B1C8DF70010D08A /* FSCalendar in Frameworks */ = {isa = PBXBuildFile; productRef = A00303932B1C8DF70010D08A /* FSCalendar */; };
		A00303962B1C8E1F0010D08A /* FSCalendarWrapper.swift in Sources */ = {isa = PBXBuildFile; fileRef = A00303952B1C8E1F0010D08A /* FSCalendarWrapper.swift */; };
		A0484C5B2B194ACB00B6EE32 /* FeedingRecord.swift in Sources */ = {isa = PBXBuildFile; fileRef = A0484C5A2B194ACB00B6EE32 /* FeedingRecord.swift */; };
		A0484C5D2B194B0600B6EE32 /* FeedingTrackerViewModel.swift in Sources */ = {isa = PBXBuildFile; fileRef = A0484C5C2B194B0600B6EE32 /* FeedingTrackerViewModel.swift */; };
		A0484C5F2B194B7200B6EE32 /* AddFeedingView.swift in Sources */ = {isa = PBXBuildFile; fileRef = A0484C5E2B194B7200B6EE32 /* AddFeedingView.swift */; };
		A06AA7F22B1940B00026B7F1 /* TrackBabyFeedingApp.swift in Sources */ = {isa = PBXBuildFile; fileRef = A06AA7F12B1940B00026B7F1 /* TrackBabyFeedingApp.swift */; };
		A06AA7F42B1940B00026B7F1 /* ContentView.swift in Sources */ = {isa = PBXBuildFile; fileRef = A06AA7F32B1940B00026B7F1 /* ContentView.swift */; };
		A06AA7F62B1940BA0026B7F1 /* Assets.xcassets in Resources */ = {isa = PBXBuildFile; fileRef = A06AA7F52B1940BA0026B7F1 /* Assets.xcassets */; };
		A06AA7F92B1940BA0026B7F1 /* Preview Assets.xcassets in Resources */ = {isa = PBXBuildFile; fileRef = A06AA7F82B1940BA0026B7F1 /* Preview Assets.xcassets */; };
		A0C3DD402B1D51350085E2AA /* Launch Screen.storyboard in Resources */ = {isa = PBXBuildFile; fileRef = A0C3DD3F2B1D51350085E2AA /* Launch Screen.storyboard */; };
/* End PBXBuildFile section */

/* Begin PBXFileReference section */
		A003038E2B1C82580010D08A /* EditFeedingView.swift */ = {isa = PBXFileReference; lastKnownFileType = sourcecode.swift; path = EditFeedingView.swift; sourceTree = "<group>"; };
		A00303902B1C8C060010D08A /* CalendarView.swift */ = {isa = PBXFileReference; lastKnownFileType = sourcecode.swift; path = CalendarView.swift; sourceTree = "<group>"; };
		A00303952B1C8E1F0010D08A /* FSCalendarWrapper.swift */ = {isa = PBXFileReference; lastKnownFileType = sourcecode.swift; path = FSCalendarWrapper.swift; sourceTree = "<group>"; };
		A0484C5A2B194ACB00B6EE32 /* FeedingRecord.swift */ = {isa = PBXFileReference; lastKnownFileType = sourcecode.swift; path = FeedingRecord.swift; sourceTree = "<group>"; };
		A0484C5C2B194B0600B6EE32 /* FeedingTrackerViewModel.swift */ = {isa = PBXFileReference; lastKnownFileType = sourcecode.swift; path = FeedingTrackerViewModel.swift; sourceTree = "<group>"; };
		A0484C5E2B194B7200B6EE32 /* AddFeedingView.swift */ = {isa = PBXFileReference; lastKnownFileType = sourcecode.swift; path = AddFeedingView.swift; sourceTree = "<group>"; };
		A06AA7EE2B1940B00026B7F1 /* TrackBabyFeeding.app */ = {isa = PBXFileReference; explicitFileType = wrapper.application; includeInIndex = 0; path = TrackBabyFeeding.app; sourceTree = BUILT_PRODUCTS_DIR; };
		A06AA7F12B1940B00026B7F1 /* TrackBabyFeedingApp.swift */ = {isa = PBXFileReference; lastKnownFileType = sourcecode.swift; path = TrackBabyFeedingApp.swift; sourceTree = "<group>"; };
		A06AA7F32B1940B00026B7F1 /* ContentView.swift */ = {isa = PBXFileReference; lastKnownFileType = sourcecode.swift; path = ContentView.swift; sourceTree = "<group>"; };
		A06AA7F52B1940BA0026B7F1 /* Assets.xcassets */ = {isa = PBXFileReference; lastKnownFileType = folder.assetcatalog; path = Assets.xcassets; sourceTree = "<group>"; };
		A06AA7F82B1940BA0026B7F1 /* Preview Assets.xcassets */ = {isa = PBXFileReference; lastKnownFileType = folder.assetcatalog; path = "Preview Assets.xcassets"; sourceTree = "<group>"; };
		A0C3DD3F2B1D51350085E2AA /* Launch Screen.storyboard */ = {isa = PBXFileReference; lastKnownFileType = file.storyboard; path = "Launch Screen.storyboard"; sourceTree = "<group>"; };
/* End PBXFileReference section */

/* Begin PBXFrameworksBuildPhase section */
		A06AA7EB2B1940B00026B7F1 /* Frameworks */ = {
			isa = PBXFrameworksBuildPhase;
			buildActionMask = 2147483647;
			files = (
				A00303942B1C8DF70010D08A /* FSCalendar in Frameworks */,
			);
			runOnlyForDeploymentPostprocessing = 0;
		};
/* End PBXFrameworksBuildPhase section */

/* Begin PBXGroup section */
		A06AA7E52B1940B00026B7F1 = {
			isa = PBXGroup;
			children = (
				A06AA7F02B1940B00026B7F1 /* TrackBabyFeeding */,
				A06AA7EF2B1940B00026B7F1 /* Products */,
			);
			sourceTree = "<group>";
		};
		A06AA7EF2B1940B00026B7F1 /* Products */ = {
			isa = PBXGroup;
			children = (
				A06AA7EE2B1940B00026B7F1 /* TrackBabyFeeding.app */,
			);
			name = Products;
			sourceTree = "<group>";
		};
		A06AA7F02B1940B00026B7F1 /* TrackBabyFeeding */ = {
			isa = PBXGroup;
			children = (
				A06AA7F12B1940B00026B7F1 /* TrackBabyFeedingApp.swift */,
				A0C3DD422B1D54DC0085E2AA /* Views */,
				A0C3DD412B1D54D20085E2AA /* Models */,
				A0C3DD3F2B1D51350085E2AA /* Launch Screen.storyboard */,
				A06AA7F52B1940BA0026B7F1 /* Assets.xcassets */,
				A06AA7F72B1940BA0026B7F1 /* Preview Content */,
			);
			path = TrackBabyFeeding;
			sourceTree = "<group>";
		};
		A06AA7F72B1940BA0026B7F1 /* Preview Content */ = {
			isa = PBXGroup;
			children = (
				A06AA7F82B1940BA0026B7F1 /* Preview Assets.xcassets */,
			);
			path = "Preview Content";
			sourceTree = "<group>";
		};
		A0C3DD412B1D54D20085E2AA /* Models */ = {
			isa = PBXGroup;
			children = (
				A0484C5C2B194B0600B6EE32 /* FeedingTrackerViewModel.swift */,
				A0484C5A2B194ACB00B6EE32 /* FeedingRecord.swift */,
				A00303952B1C8E1F0010D08A /* FSCalendarWrapper.swift */,
			);
			path = Models;
			sourceTree = "<group>";
		};
		A0C3DD422B1D54DC0085E2AA /* Views */ = {
			isa = PBXGroup;
			children = (
				A06AA7F32B1940B00026B7F1 /* ContentView.swift */,
				A0484C5E2B194B7200B6EE32 /* AddFeedingView.swift */,
				A003038E2B1C82580010D08A /* EditFeedingView.swift */,
				A00303902B1C8C060010D08A /* CalendarView.swift */,
			);
			path = Views;
			sourceTree = "<group>";
		};
/* End PBXGroup section */

/* Begin PBXNativeTarget section */
		A06AA7ED2B1940B00026B7F1 /* TrackBabyFeeding */ = {
			isa = PBXNativeTarget;
			buildConfigurationList = A06AA7FC2B1940BA0026B7F1 /* Build configuration list for PBXNativeTarget "TrackBabyFeeding" */;
			buildPhases = (
				A06AA7EA2B1940B00026B7F1 /* Sources */,
				A06AA7EB2B1940B00026B7F1 /* Frameworks */,
				A06AA7EC2B1940B00026B7F1 /* Resources */,
			);
			buildRules = (
			);
			dependencies = (
			);
			name = TrackBabyFeeding;
			packageProductDependencies = (
				A00303932B1C8DF70010D08A /* FSCalendar */,
			);
			productName = TrackBabyFeeding;
			productReference = A06AA7EE2B1940B00026B7F1 /* TrackBabyFeeding.app */;
			productType = "com.apple.product-type.application";
		};
/* End PBXNativeTarget section */

/* Begin PBXProject section */
		A06AA7E62B1940B00026B7F1 /* Project object */ = {
			isa = PBXProject;
			attributes = {
				BuildIndependentTargetsInParallel = 1;
				LastSwiftUpdateCheck = 1420;
				LastUpgradeCheck = 1420;
				TargetAttributes = {
					A06AA7ED2B1940B00026B7F1 = {
						CreatedOnToolsVersion = 14.2;
					};
				};
			};
			buildConfigurationList = A06AA7E92B1940B00026B7F1 /* Build configuration list for PBXProject "TrackBabyFeeding" */;
			compatibilityVersion = "Xcode 14.0";
			developmentRegion = en;
			hasScannedForEncodings = 0;
			knownRegions = (
				en,
				Base,
			);
			mainGroup = A06AA7E52B1940B00026B7F1;
			packageReferences = (
				A00303922B1C8DF70010D08A /* XCRemoteSwiftPackageReference "FSCalendar" */,
			);
			productRefGroup = A06AA7EF2B1940B00026B7F1 /* Products */;
			projectDirPath = "";
			projectRoot = "";
			targets = (
				A06AA7ED2B1940B00026B7F1 /* TrackBabyFeeding */,
			);
		};
/* End PBXProject section */

/* Begin PBXResourcesBuildPhase section */
		A06AA7EC2B1940B00026B7F1 /* Resources */ = {
			isa = PBXResourcesBuildPhase;
			buildActionMask = 2147483647;
			files = (
				A0C3DD402B1D51350085E2AA /* Launch Screen.storyboard in Resources */,
				A06AA7F92B1940BA0026B7F1 /* Preview Assets.xcassets in Resources */,
				A06AA7F62B1940BA0026B7F1 /* Assets.xcassets in Resources */,
			);
			runOnlyForDeploymentPostprocessing = 0;
		};
/* End PBXResourcesBuildPhase section */

/* Begin PBXSourcesBuildPhase section */
		A06AA7EA2B1940B00026B7F1 /* Sources */ = {
			isa = PBXSourcesBuildPhase;
			buildActionMask = 2147483647;
			files = (
				A0484C5B2B194ACB00B6EE32 /* FeedingRecord.swift in Sources */,
				A00303912B1C8C060010D08A /* CalendarView.swift in Sources */,
				A06AA7F42B1940B00026B7F1 /* ContentView.swift in Sources */,
				A0484C5D2B194B0600B6EE32 /* FeedingTrackerViewModel.swift in Sources */,
				A003038F2B1C82580010D08A /* EditFeedingView.swift in Sources */,
				A06AA7F22B1940B00026B7F1 /* TrackBabyFeedingApp.swift in Sources */,
				A00303962B1C8E1F0010D08A /* FSCalendarWrapper.swift in Sources */,
				A0484C5F2B194B7200B6EE32 /* AddFeedingView.swift in Sources */,
			);
			runOnlyForDeploymentPostprocessing = 0;
		};
/* End PBXSourcesBuildPhase section */

/* Begin XCBuildConfiguration section */
		A06AA7FA2B1940BA0026B7F1 /* Debug */ = {
			isa = XCBuildConfiguration;
			buildSettings = {
				ALWAYS_SEARCH_USER_PATHS = NO;
				CLANG_ANALYZER_NONNULL = YES;
				CLANG_ANALYZER_NUMBER_OBJECT_CONVERSION = YES_AGGRESSIVE;
				CLANG_CXX_LANGUAGE_STANDARD = "gnu++20";
				CLANG_ENABLE_MODULES = YES;
				CLANG_ENABLE_OBJC_ARC = YES;
				CLANG_ENABLE_OBJC_WEAK = YES;
				CLANG_WARN_BLOCK_CAPTURE_AUTORELEASING = YES;
				CLANG_WARN_BOOL_CONVERSION = YES;
				CLANG_WARN_COMMA = YES;
				CLANG_WARN_CONSTANT_CONVERSION = YES;
				CLANG_WARN_DEPRECATED_OBJC_IMPLEMENTATIONS = YES;
				CLANG_WARN_DIRECT_OBJC_ISA_USAGE = YES_ERROR;
				CLANG_WARN_DOCUMENTATION_COMMENTS = YES;
				CLANG_WARN_EMPTY_BODY = YES;
				CLANG_WARN_ENUM_CONVERSION = YES;
				CLANG_WARN_INFINITE_RECURSION = YES;
				CLANG_WARN_INT_CONVERSION = YES;
				CLANG_WARN_NON_LITERAL_NULL_CONVERSION = YES;
				CLANG_WARN_OBJC_IMPLICIT_RETAIN_SELF = YES;
				CLANG_WARN_OBJC_LITERAL_CONVERSION = YES;
				CLANG_WARN_OBJC_ROOT_CLASS = YES_ERROR;
				CLANG_WARN_QUOTED_INCLUDE_IN_FRAMEWORK_HEADER = YES;
				CLANG_WARN_RANGE_LOOP_ANALYSIS = YES;
				CLANG_WARN_STRICT_PROTOTYPES = YES;
				CLANG_WARN_SUSPICIOUS_MOVE = YES;
				CLANG_WARN_UNGUARDED_AVAILABILITY = YES_AGGRESSIVE;
				CLANG_WARN_UNREACHABLE_CODE = YES;
				CLANG_WARN__DUPLICATE_METHOD_MATCH = YES;
				COPY_PHASE_STRIP = NO;
				DEBUG_INFORMATION_FORMAT = dwarf;
				ENABLE_STRICT_OBJC_MSGSEND = YES;
				ENABLE_TESTABILITY = YES;
				GCC_C_LANGUAGE_STANDARD = gnu11;
				GCC_DYNAMIC_NO_PIC = NO;
				GCC_NO_COMMON_BLOCKS = YES;
				GCC_OPTIMIZATION_LEVEL = 0;
				GCC_PREPROCESSOR_DEFINITIONS = (
					"DEBUG=1",
					"$(inherited)",
				);
				GCC_WARN_64_TO_32_BIT_CONVERSION = YES;
				GCC_WARN_ABOUT_RETURN_TYPE = YES_ERROR;
				GCC_WARN_UNDECLARED_SELECTOR = YES;
				GCC_WARN_UNINITIALIZED_AUTOS = YES_AGGRESSIVE;
				GCC_WARN_UNUSED_FUNCTION = YES;
				GCC_WARN_UNUSED_VARIABLE = YES;
				IPHONEOS_DEPLOYMENT_TARGET = 16.2;
				MTL_ENABLE_DEBUG_INFO = INCLUDE_SOURCE;
				MTL_FAST_MATH = YES;
				ONLY_ACTIVE_ARCH = YES;
				SDKROOT = iphoneos;
				SWIFT_ACTIVE_COMPILATION_CONDITIONS = DEBUG;
				SWIFT_OPTIMIZATION_LEVEL = "-Onone";
			};
			name = Debug;
		};
		A06AA7FB2B1940BA0026B7F1 /* Release */ = {
			isa = XCBuildConfiguration;
			buildSettings = {
				ALWAYS_SEARCH_USER_PATHS = NO;
				CLANG_ANALYZER_NONNULL = YES;
				CLANG_ANALYZER_NUMBER_OBJECT_CONVERSION = YES_AGGRESSIVE;
				CLANG_CXX_LANGUAGE_STANDARD = "gnu++20";
				CLANG_ENABLE_MODULES = YES;
				CLANG_ENABLE_OBJC_ARC = YES;
				CLANG_ENABLE_OBJC_WEAK = YES;
				CLANG_WARN_BLOCK_CAPTURE_AUTORELEASING = YES;
				CLANG_WARN_BOOL_CONVERSION = YES;
				CLANG_WARN_COMMA = YES;
				CLANG_WARN_CONSTANT_CONVERSION = YES;
				CLANG_WARN_DEPRECATED_OBJC_IMPLEMENTATIONS = YES;
				CLANG_WARN_DIRECT_OBJC_ISA_USAGE = YES_ERROR;
				CLANG_WARN_DOCUMENTATION_COMMENTS = YES;
				CLANG_WARN_EMPTY_BODY = YES;
				CLANG_WARN_ENUM_CONVERSION = YES;
				CLANG_WARN_INFINITE_RECURSION = YES;
				CLANG_WARN_INT_CONVERSION = YES;
				CLANG_WARN_NON_LITERAL_NULL_CONVERSION = YES;
				CLANG_WARN_OBJC_IMPLICIT_RETAIN_SELF = YES;
				CLANG_WARN_OBJC_LITERAL_CONVERSION = YES;
				CLANG_WARN_OBJC_ROOT_CLASS = YES_ERROR;
				CLANG_WARN_QUOTED_INCLUDE_IN_FRAMEWORK_HEADER = YES;
				CLANG_WARN_RANGE_LOOP_ANALYSIS = YES;
				CLANG_WARN_STRICT_PROTOTYPES = YES;
				CLANG_WARN_SUSPICIOUS_MOVE = YES;
				CLANG_WARN_UNGUARDED_AVAILABILITY = YES_AGGRESSIVE;
				CLANG_WARN_UNREACHABLE_CODE = YES;
				CLANG_WARN__DUPLICATE_METHOD_MATCH = YES;
				COPY_PHASE_STRIP = NO;
				DEBUG_INFORMATION_FORMAT = "dwarf-with-dsym";
				ENABLE_NS_ASSERTIONS = NO;
				ENABLE_STRICT_OBJC_MSGSEND = YES;
				GCC_C_LANGUAGE_STANDARD = gnu11;
				GCC_NO_COMMON_BLOCKS = YES;
				GCC_WARN_64_TO_32_BIT_CONVERSION = YES;
				GCC_WARN_ABOUT_RETURN_TYPE = YES_ERROR;
				GCC_WARN_UNDECLARED_SELECTOR = YES;
				GCC_WARN_UNINITIALIZED_AUTOS = YES_AGGRESSIVE;
				GCC_WARN_UNUSED_FUNCTION = YES;
				GCC_WARN_UNUSED_VARIABLE = YES;
				IPHONEOS_DEPLOYMENT_TARGET = 16.2;
				MTL_ENABLE_DEBUG_INFO = NO;
				MTL_FAST_MATH = YES;
				SDKROOT = iphoneos;
				SWIFT_COMPILATION_MODE = wholemodule;
				SWIFT_OPTIMIZATION_LEVEL = "-O";
				VALIDATE_PRODUCT = YES;
			};
			name = Release;
		};
		A06AA7FD2B1940BA0026B7F1 /* Debug */ = {
			isa = XCBuildConfiguration;
			buildSettings = {
				ASSETCATALOG_COMPILER_APPICON_NAME = AppIcon;
				ASSETCATALOG_COMPILER_GLOBAL_ACCENT_COLOR_NAME = AccentColor;
				ASSETCATALOG_COMPILER_INCLUDE_ALL_APPICON_ASSETS = NO;
				CODE_SIGN_STYLE = Automatic;
				CURRENT_PROJECT_VERSION = 1;
				DEVELOPMENT_ASSET_PATHS = "\"TrackBabyFeeding/Preview Content\"";
				ENABLE_PREVIEWS = YES;
				GENERATE_INFOPLIST_FILE = YES;
				INFOPLIST_KEY_UIApplicationSceneManifest_Generation = YES;
				INFOPLIST_KEY_UIApplicationSupportsIndirectInputEvents = YES;
				INFOPLIST_KEY_UILaunchScreen_Generation = YES;
				INFOPLIST_KEY_UILaunchStoryboardName = "Launch Screen.storyboard";
				INFOPLIST_KEY_UISupportedInterfaceOrientations_iPad = "UIInterfaceOrientationPortrait UIInterfaceOrientationPortraitUpsideDown UIInterfaceOrientationLandscapeLeft UIInterfaceOrientationLandscapeRight";
				INFOPLIST_KEY_UISupportedInterfaceOrientations_iPhone = "UIInterfaceOrientationPortrait UIInterfaceOrientationLandscapeLeft UIInterfaceOrientationLandscapeRight";
				LD_RUNPATH_SEARCH_PATHS = (
					"$(inherited)",
					"@executable_path/Frameworks",
				);
				MARKETING_VERSION = 1.0;
				PRODUCT_BUNDLE_IDENTIFIER = edu.auburn.MelsApp.TrackBabyFeeding;
				PRODUCT_NAME = "$(TARGET_NAME)";
				SWIFT_EMIT_LOC_STRINGS = YES;
				SWIFT_VERSION = 5.0;
				TARGETED_DEVICE_FAMILY = "1,2";
			};
			name = Debug;
		};
		A06AA7FE2B1940BA0026B7F1 /* Release */ = {
			isa = XCBuildConfiguration;
			buildSettings = {
				ASSETCATALOG_COMPILER_APPICON_NAME = AppIcon;
				ASSETCATALOG_COMPILER_GLOBAL_ACCENT_COLOR_NAME = AccentColor;
				ASSETCATALOG_COMPILER_INCLUDE_ALL_APPICON_ASSETS = NO;
				CODE_SIGN_STYLE = Automatic;
				CURRENT_PROJECT_VERSION = 1;
				DEVELOPMENT_ASSET_PATHS = "\"TrackBabyFeeding/Preview Content\"";
				ENABLE_PREVIEWS = YES;
				GENERATE_INFOPLIST_FILE = YES;
				INFOPLIST_KEY_UIApplicationSceneManifest_Generation = YES;
				INFOPLIST_KEY_UIApplicationSupportsIndirectInputEvents = YES;
				INFOPLIST_KEY_UILaunchScreen_Generation = YES;
				INFOPLIST_KEY_UILaunchStoryboardName = "Launch Screen.storyboard";
				INFOPLIST_KEY_UISupportedInterfaceOrientations_iPad = "UIInterfaceOrientationPortrait UIInterfaceOrientationPortraitUpsideDown UIInterfaceOrientationLandscapeLeft UIInterfaceOrientationLandscapeRight";
				INFOPLIST_KEY_UISupportedInterfaceOrientations_iPhone = "UIInterfaceOrientationPortrait UIInterfaceOrientationLandscapeLeft UIInterfaceOrientationLandscapeRight";
				LD_RUNPATH_SEARCH_PATHS = (
					"$(inherited)",
					"@executable_path/Frameworks",
				);
				MARKETING_VERSION = 1.0;
				PRODUCT_BUNDLE_IDENTIFIER = edu.auburn.MelsApp.TrackBabyFeeding;
				PRODUCT_NAME = "$(TARGET_NAME)";
				SWIFT_EMIT_LOC_STRINGS = YES;
				SWIFT_VERSION = 5.0;
				TARGETED_DEVICE_FAMILY = "1,2";
			};
			name = Release;
		};
/* End XCBuildConfiguration section */

/* Begin XCConfigurationList section */
		A06AA7E92B1940B00026B7F1 /* Build configuration list for PBXProject "TrackBabyFeeding" */ = {
			isa = XCConfigurationList;
			buildConfigurations = (
				A06AA7FA2B1940BA0026B7F1 /* Debug */,
				A06AA7FB2B1940BA0026B7F1 /* Release */,
			);
			defaultConfigurationIsVisible = 0;
			defaultConfigurationName = Release;
		};
		A06AA7FC2B1940BA0026B7F1 /* Build configuration list for PBXNativeTarget "TrackBabyFeeding" */ = {
			isa = XCConfigurationList;
			buildConfigurations = (
				A06AA7FD2B1940BA0026B7F1 /* Debug */,
				A06AA7FE2B1940BA0026B7F1 /* Release */,
			);
			defaultConfigurationIsVisible = 0;
			defaultConfigurationName = Release;
		};
/* End XCConfigurationList section */

/* Begin XCRemoteSwiftPackageReference section */
		A00303922B1C8DF70010D08A /* XCRemoteSwiftPackageReference "FSCalendar" */ = {
			isa = XCRemoteSwiftPackageReference;
			repositoryURL = "https://github.com/WenchaoD/FSCalendar.git";
			requirement = {
				kind = upToNextMajorVersion;
				minimumVersion = 2.0.0;
			};
		};
/* End XCRemoteSwiftPackageReference section */

/* Begin XCSwiftPackageProductDependency section */
		A00303932B1C8DF70010D08A /* FSCalendar */ = {
			isa = XCSwiftPackageProductDependency;
			package = A00303922B1C8DF70010D08A /* XCRemoteSwiftPackageReference "FSCalendar" */;
			productName = FSCalendar;
		};
/* End XCSwiftPackageProductDependency section */
	};
	rootObject = A06AA7E62B1940B00026B7F1 /* Project object */;
}
